
Microsoft Visual Studio Solution File, Format Version 12.00
# Visual Studio 15
VisualStudioVersion = 15.0.27130.2010
MinimumVisualStudioVersion = 10.0.40219.1
Project("{FAE04EC0-301F-11D3-BF4B-00C04F79EFBC}") = "AlgorithmDemo", "AlgorithmDemo\AlgorithmDemo.csproj", "{562D2FFE-B38C-4174-97B9-C6B102926A8C}"
EndProject
Global
	GlobalSection(SolutionConfigurationPlatforms) = preSolution
		Debug|Any CPU = Debug|Any CPU
		Release|Any CPU = Release|Any CPU
	EndGlobalSection
	GlobalSection(ProjectConfigurationPlatforms) = postSolution
		{562D2FFE-B38C-4174-97B9-C6B102926A8C}.Debug|Any CPU.ActiveCfg = Debug|Any CPU
		{562D2FFE-B38C-4174-97B9-C6B102926A8C}.Debug|Any CPU.Build.0 = Debug|Any CPU
		{562D2FFE-B38C-4174-97B9-C6B102926A8C}.Release|Any CPU.ActiveCfg = Release|Any CPU
		{562D2FFE-B38C-4174-97B9-C6B102926A8C}.Release|Any CPU.Build.0 = Release|Any CPU
	EndGlobalSection
	GlobalSection(SolutionProperties) = preSolution
		HideSolutionNode = FALSE
	EndGlobalSection
	GlobalSection(ExtensibilityGlobals) = postSolution
		SolutionGuid = {77ADCB15-31F6-47BA-B727-12BCBED3BC43}
	EndGlobalSection
EndGlobal
